<?xml version="1.0" encoding="utf-8"?>
<Project ToolsVersion="4.0" xmlns="http://schemas.microsoft.com/developer/msbuild/2003">
  <ItemGroup>
    <Filter Include="Liquid">
      <UniqueIdentifier>{ED17D3C0-D9B9-FD96-C274-11EBAEB584E7}</UniqueIdentifier>
    </Filter>
  </ItemGroup>
  <ItemGroup>
    <ClInclude Include="src\Liquid.h" />
    <ClInclude Include="src\Liquid\Application.h">
      <Filter>Liquid</Filter>
    </ClInclude>
    <ClInclude Include="src\Liquid\Core.h">
      <Filter>Liquid</Filter>
    </ClInclude>
    <ClInclude Include="src\Liquid\EntryPoint.h">
      <Filter>Liquid</Filter>
    </ClInclude>
    <ClInclude Include="src\Liquid\Log.h">
      <Filter>Liquid</Filter>
    </ClInclude>
  </ItemGroup>
  <ItemGroup>
    <ClCompile Include="src\Liquid\Application.cpp">
      <Filter>Liquid</Filter>
    </ClCompile>
    <ClCompile Include="src\Liquid\Log.cpp">
      <Filter>Liquid</Filter>
    </ClCompile>
  </ItemGroup>
</Project>